
Microsoft Visual Studio Solution File, Format Version 12.00
# Visual Studio Version 17
VisualStudioVersion = 17.2.32630.192
MinimumVisualStudioVersion = 10.0.40219.1
Project("{FAE04EC0-301F-11D3-BF4B-00C04F79EFBC}") = "Parachute", "Parachute.csproj", "{01C5C4DA-4B6B-4E73-A521-44519C3266F8}"
EndProject
Global
	GlobalSection(SolutionConfigurationPlatforms) = preSolution
		Debug|Any CPU = Debug|Any CPU
		Release|Any CPU = Release|Any CPU
	EndGlobalSection
	GlobalSection(ProjectConfigurationPlatforms) = postSolution
		{01C5C4DA-4B6B-4E73-A521-44519C3266F8}.Debug|Any CPU.ActiveCfg = Debug|Any CPU
		{01C5C4DA-4B6B-4E73-A521-44519C3266F8}.Debug|Any CPU.Build.0 = Debug|Any CPU
		{01C5C4DA-4B6B-4E73-A521-44519C3266F8}.Release|Any CPU.ActiveCfg = Release|Any CPU
		{01C5C4DA-4B6B-4E73-A521-44519C3266F8}.Release|Any CPU.Build.0 = Release|Any CPU
	EndGlobalSection
	GlobalSection(SolutionProperties) = preSolution
		HideSolutionNode = FALSE
	EndGlobalSection
	GlobalSection(ExtensibilityGlobals) = postSolution
		SolutionGuid = {D893C957-F4C1-4DAC-BD15-AAB87F81D5A9}
	EndGlobalSection
EndGlobal
